
Microsoft Visual Studio Solution File, Format Version 12.00
# Visual Studio 15
VisualStudioVersion = 15.0.27130.2024
MinimumVisualStudioVersion = 10.0.40219.1
Project("{FAE04EC0-301F-11D3-BF4B-00C04F79EFBC}") = "PermissaoViagem", "PermissaoViagem\PermissaoViagem.csproj", "{BC8F56E6-CABD-47E2-92FA-531A46C3A44D}"
EndProject
Global
	GlobalSection(SolutionConfigurationPlatforms) = preSolution
		Debug|Any CPU = Debug|Any CPU
		Release|Any CPU = Release|Any CPU
	EndGlobalSection
	GlobalSection(ProjectConfigurationPlatforms) = postSolution
		{BC8F56E6-CABD-47E2-92FA-531A46C3A44D}.Debug|Any CPU.ActiveCfg = Debug|Any CPU
		{BC8F56E6-CABD-47E2-92FA-531A46C3A44D}.Debug|Any CPU.Build.0 = Debug|Any CPU
		{BC8F56E6-CABD-47E2-92FA-531A46C3A44D}.Release|Any CPU.ActiveCfg = Release|Any CPU
		{BC8F56E6-CABD-47E2-92FA-531A46C3A44D}.Release|Any CPU.Build.0 = Release|Any CPU
	EndGlobalSection
	GlobalSection(SolutionProperties) = preSolution
		HideSolutionNode = FALSE
	EndGlobalSection
	GlobalSection(ExtensibilityGlobals) = postSolution
		SolutionGuid = {58C1ADDF-B4C7-405F-81E1-1A6C5FCC9C92}
	EndGlobalSection
EndGlobal
